
Microsoft Visual Studio Solution File, Format Version 12.00
# Visual Studio Version 17
VisualStudioVersion = 17.12.35506.116 d17.12
MinimumVisualStudioVersion = 10.0.40219.1
Project("{FAE04EC0-301F-11D3-BF4B-00C04F79EFBC}") = "SO79323747", "SO79323747\SO79323747.csproj", "{80FA415C-3899-4D2E-8461-A456B08F70C8}"
EndProject
Project("{FAE04EC0-301F-11D3-BF4B-00C04F79EFBC}") = "BlazorApp1", "BlazorApp1\BlazorApp1.csproj", "{76EA9A62-2778-4936-A145-94F9B2309835}"
EndProject
Global
	GlobalSection(SolutionConfigurationPlatforms) = preSolution
		Debug|Any CPU = Debug|Any CPU
		Release|Any CPU = Release|Any CPU
	EndGlobalSection
	GlobalSection(ProjectConfigurationPlatforms) = postSolution
		{80FA415C-3899-4D2E-8461-A456B08F70C8}.Debug|Any CPU.ActiveCfg = Debug|Any CPU
		{80FA415C-3899-4D2E-8461-A456B08F70C8}.Debug|Any CPU.Build.0 = Debug|Any CPU
		{80FA415C-3899-4D2E-8461-A456B08F70C8}.Release|Any CPU.ActiveCfg = Release|Any CPU
		{80FA415C-3899-4D2E-8461-A456B08F70C8}.Release|Any CPU.Build.0 = Release|Any CPU
		{76EA9A62-2778-4936-A145-94F9B2309835}.Debug|Any CPU.ActiveCfg = Debug|Any CPU
		{76EA9A62-2778-4936-A145-94F9B2309835}.Debug|Any CPU.Build.0 = Debug|Any CPU
		{76EA9A62-2778-4936-A145-94F9B2309835}.Release|Any CPU.ActiveCfg = Release|Any CPU
		{76EA9A62-2778-4936-A145-94F9B2309835}.Release|Any CPU.Build.0 = Release|Any CPU
	EndGlobalSection
	GlobalSection(SolutionProperties) = preSolution
		HideSolutionNode = FALSE
	EndGlobalSection
EndGlobal
